// !$*UTF8*$!
{
	archiveVersion = 1;
	classes = {
	};
	objectVersion = 48;
	objects = {

/* Begin PBXBuildFile section */
		91BBAB751F9A86EC005F1568 /* AppDelegate.swift in Sources */ = {isa = PBXBuildFile; fileRef = 91BBAB741F9A86EC005F1568 /* AppDelegate.swift */; };
		91BBAB771F9A86EC005F1568 /* art.scnassets in Resources */ = {isa = PBXBuildFile; fileRef = 91BBAB761F9A86EC005F1568 /* art.scnassets */; };
		91BBAB791F9A86EC005F1568 /* ViewController.swift in Sources */ = {isa = PBXBuildFile; fileRef = 91BBAB781F9A86EC005F1568 /* ViewController.swift */; };
		91BBAB7C1F9A86EC005F1568 /* Main.storyboard in Resources */ = {isa = PBXBuildFile; fileRef = 91BBAB7A1F9A86EC005F1568 /* Main.storyboard */; };
		91BBAB7E1F9A86EC005F1568 /* Assets.xcassets in Resources */ = {isa = PBXBuildFile; fileRef = 91BBAB7D1F9A86EC005F1568 /* Assets.xcassets */; };
		91BBAB811F9A86EC005F1568 /* LaunchScreen.storyboard in Resources */ = {isa = PBXBuildFile; fileRef = 91BBAB7F1F9A86EC005F1568 /* LaunchScreen.storyboard */; };
/* End PBXBuildFile section */

/* Begin PBXFileReference section */
		91BBAB711F9A86EC005F1568 /* terrain.app */ = {isa = PBXFileReference; explicitFileType = wrapper.application; includeInIndex = 0; path = terrain.app; sourceTree = BUILT_PRODUCTS_DIR; };
		91BBAB741F9A86EC005F1568 /* AppDelegate.swift */ = {isa = PBXFileReference; lastKnownFileType = sourcecode.swift; path = AppDelegate.swift; sourceTree = "<group>"; };
		91BBAB761F9A86EC005F1568 /* art.scnassets */ = {isa = PBXFileReference; lastKnownFileType = wrapper.scnassets; path = art.scnassets; sourceTree = "<group>"; };
		91BBAB781F9A86EC005F1568 /* ViewController.swift */ = {isa = PBXFileReference; lastKnownFileType = sourcecode.swift; path = ViewController.swift; sourceTree = "<group>"; };
		91BBAB7B1F9A86EC005F1568 /* Base */ = {isa = PBXFileReference; lastKnownFileType = file.storyboard; name = Base; path = Base.lproj/Main.storyboard; sourceTree = "<group>"; };
		91BBAB7D1F9A86EC005F1568 /* Assets.xcassets */ = {isa = PBXFileReference; lastKnownFileType = folder.assetcatalog; path = Assets.xcassets; sourceTree = "<group>"; };
		91BBAB801F9A86EC005F1568 /* Base */ = {isa = PBXFileReference; lastKnownFileType = file.storyboard; name = Base; path = Base.lproj/LaunchScreen.storyboard; sourceTree = "<group>"; };
		91BBAB821F9A86EC005F1568 /* Info.plist */ = {isa = PBXFileReference; lastKnownFileType = text.plist.xml; path = Info.plist; sourceTree = "<group>"; };
/* End PBXFileReference section */

/* Begin PBXFrameworksBuildPhase section */
		91BBAB6E1F9A86EC005F1568 /* Frameworks */ = {
			isa = PBXFrameworksBuildPhase;
			buildActionMask = 2147483647;
			files = (
			);
			runOnlyForDeploymentPostprocessing = 0;
		};
/* End PBXFrameworksBuildPhase section */

/* Begin PBXGroup section */
		91BBAB681F9A86EC005F1568 = {
			isa = PBXGroup;
			children = (
				91BBAB731F9A86EC005F1568 /* terrain */,
				91BBAB721F9A86EC005F1568 /* Products */,
			);
			sourceTree = "<group>";
		};
		91BBAB721F9A86EC005F1568 /* Products */ = {
			isa = PBXGroup;
			children = (
				91BBAB711F9A86EC005F1568 /* terrain.app */,
			);
			name = Products;
			sourceTree = "<group>";
		};
		91BBAB731F9A86EC005F1568 /* terrain */ = {
			isa = PBXGroup;
			children = (
				91BBAB741F9A86EC005F1568 /* AppDelegate.swift */,
				91BBAB761F9A86EC005F1568 /* art.scnassets */,
				91BBAB781F9A86EC005F1568 /* ViewController.swift */,
				91BBAB7A1F9A86EC005F1568 /* Main.storyboard */,
				91BBAB7D1F9A86EC005F1568 /* Assets.xcassets */,
				91BBAB7F1F9A86EC005F1568 /* LaunchScreen.storyboard */,
				91BBAB821F9A86EC005F1568 /* Info.plist */,
			);
			path = terrain;
			sourceTree = "<group>";
		};
/* End PBXGroup section */

/* Begin PBXNativeTarget section */
		91BBAB701F9A86EC005F1568 /* terrain */ = {
			isa = PBXNativeTarget;
			buildConfigurationList = 91BBAB9B1F9A86EC005F1568 /* Build configuration list for PBXNativeTarget "terrain" */;
			buildPhases = (
				91BBAB6D1F9A86EC005F1568 /* Sources */,
				91BBAB6E1F9A86EC005F1568 /* Frameworks */,
				91BBAB6F1F9A86EC005F1568 /* Resources */,
			);
			buildRules = (
			);
			dependencies = (
			);
			name = terrain;
			productName = terrain;
			productReference = 91BBAB711F9A86EC005F1568 /* terrain.app */;
			productType = "com.apple.product-type.application";
		};
/* End PBXNativeTarget section */

/* Begin PBXProject section */
		91BBAB691F9A86EC005F1568 /* Project object */ = {
			isa = PBXProject;
			attributes = {
				LastSwiftUpdateCheck = 0900;
				LastUpgradeCheck = 0900;
				ORGANIZATIONNAME = "Baris Cem Baykara";
				TargetAttributes = {
					91BBAB701F9A86EC005F1568 = {
						CreatedOnToolsVersion = 9.0.1;
						ProvisioningStyle = Automatic;
					};
				};
			};
			buildConfigurationList = 91BBAB6C1F9A86EC005F1568 /* Build configuration list for PBXProject "terrain" */;
			compatibilityVersion = "Xcode 8.0";
			developmentRegion = en;
			hasScannedForEncodings = 0;
			knownRegions = (
				en,
				Base,
			);
			mainGroup = 91BBAB681F9A86EC005F1568;
			productRefGroup = 91BBAB721F9A86EC005F1568 /* Products */;
			projectDirPath = "";
			projectRoot = "";
			targets = (
				91BBAB701F9A86EC005F1568 /* terrain */,
			);
		};
/* End PBXProject section */

/* Begin PBXResourcesBuildPhase section */
		91BBAB6F1F9A86EC005F1568 /* Resources */ = {
			isa = PBXResourcesBuildPhase;
			buildActionMask = 2147483647;
			files = (
				91BBAB771F9A86EC005F1568 /* art.scnassets in Resources */,
				91BBAB811F9A86EC005F1568 /* LaunchScreen.storyboard in Resources */,
				91BBAB7E1F9A86EC005F1568 /* Assets.xcassets in Resources */,
				91BBAB7C1F9A86EC005F1568 /* Main.storyboard in Resources */,
			);
			runOnlyForDeploymentPostprocessing = 0;
		};
/* End PBXResourcesBuildPhase section */

/* Begin PBXSourcesBuildPhase section */
		91BBAB6D1F9A86EC005F1568 /* Sources */ = {
			isa = PBXSourcesBuildPhase;
			buildActionMask = 2147483647;
			files = (
				91BBAB791F9A86EC005F1568 /* ViewController.swift in Sources */,
				91BBAB751F9A86EC005F1568 /* AppDelegate.swift in Sources */,
			);
			runOnlyForDeploymentPostprocessing = 0;
		};
/* End PBXSourcesBuildPhase section */

/* Begin PBXVariantGroup section */
		91BBAB7A1F9A86EC005F1568 /* Main.storyboard */ = {
			isa = PBXVariantGroup;
			children = (
				91BBAB7B1F9A86EC005F1568 /* Base */,
			);
			name = Main.storyboard;
			sourceTree = "<group>";
		};
		91BBAB7F1F9A86EC005F1568 /* LaunchScreen.storyboard */ = {
			isa = PBXVariantGroup;
			children = (
				91BBAB801F9A86EC005F1568 /* Base */,
			);
			name = LaunchScreen.storyboard;
			sourceTree = "<group>";
		};
/* End PBXVariantGroup section */

/* Begin XCBuildConfiguration section */
		91BBAB991F9A86EC005F1568 /* Debug */ = {
			isa = XCBuildConfiguration;
			buildSettings = {
				ALWAYS_SEARCH_USER_PATHS = NO;
				CLANG_ANALYZER_NONNULL = YES;
				CLANG_ANALYZER_NUMBER_OBJECT_CONVERSION = YES_AGGRESSIVE;
				CLANG_CXX_LANGUAGE_STANDARD = "gnu++14";
				CLANG_CXX_LIBRARY = "libc++";
				CLANG_ENABLE_MODULES = YES;
				CLANG_ENABLE_OBJC_ARC = YES;
				CLANG_WARN_BLOCK_CAPTURE_AUTORELEASING = YES;
				CLANG_WARN_BOOL_CONVERSION = YES;
				CLANG_WARN_COMMA = YES;
				CLANG_WARN_CONSTANT_CONVERSION = YES;
				CLANG_WARN_DIRECT_OBJC_ISA_USAGE = YES_ERROR;
				CLANG_WARN_DOCUMENTATION_COMMENTS = YES;
				CLANG_WARN_EMPTY_BODY = YES;
				CLANG_WARN_ENUM_CONVERSION = YES;
				CLANG_WARN_INFINITE_RECURSION = YES;
				CLANG_WARN_INT_CONVERSION = YES;
				CLANG_WARN_NON_LITERAL_NULL_CONVERSION = YES;
				CLANG_WARN_OBJC_LITERAL_CONVERSION = YES;
				CLANG_WARN_OBJC_ROOT_CLASS = YES_ERROR;
				CLANG_WARN_RANGE_LOOP_ANALYSIS = YES;
				CLANG_WARN_STRICT_PROTOTYPES = YES;
				CLANG_WARN_SUSPICIOUS_MOVE = YES;
				CLANG_WARN_UNGUARDED_AVAILABILITY = YES_AGGRESSIVE;
				CLANG_WARN_UNREACHABLE_CODE = YES;
				CLANG_WARN__DUPLICATE_METHOD_MATCH = YES;
				CODE_SIGN_IDENTITY = "iPhone Developer";
				COPY_PHASE_STRIP = NO;
				DEBUG_INFORMATION_FORMAT = dwarf;
				ENABLE_STRICT_OBJC_MSGSEND = YES;
				ENABLE_TESTABILITY = YES;
				GCC_C_LANGUAGE_STANDARD = gnu11;
				GCC_DYNAMIC_NO_PIC = NO;
				GCC_NO_COMMON_BLOCKS = YES;
				GCC_OPTIMIZATION_LEVEL = 0;
				GCC_PREPROCESSOR_DEFINITIONS = (
					"DEBUG=1",
					"$(inherited)",
				);
				GCC_WARN_64_TO_32_BIT_CONVERSION = YES;
				GCC_WARN_ABOUT_RETURN_TYPE = YES_ERROR;
				GCC_WARN_UNDECLARED_SELECTOR = YES;
				GCC_WARN_UNINITIALIZED_AUTOS = YES_AGGRESSIVE;
				GCC_WARN_UNUSED_FUNCTION = YES;
				GCC_WARN_UNUSED_VARIABLE = YES;
				IPHONEOS_DEPLOYMENT_TARGET = 11.0;
				MTL_ENABLE_DEBUG_INFO = YES;
				ONLY_ACTIVE_ARCH = YES;
				SDKROOT = iphoneos;
				SWIFT_ACTIVE_COMPILATION_CONDITIONS = DEBUG;
				SWIFT_OPTIMIZATION_LEVEL = "-Onone";
			};
			name = Debug;
		};
		91BBAB9A1F9A86EC005F1568 /* Release */ = {
			isa = XCBuildConfiguration;
			buildSettings = {
				ALWAYS_SEARCH_USER_PATHS = NO;
				CLANG_ANALYZER_NONNULL = YES;
				CLANG_ANALYZER_NUMBER_OBJECT_CONVERSION = YES_AGGRESSIVE;
				CLANG_CXX_LANGUAGE_STANDARD = "gnu++14";
				CLANG_CXX_LIBRARY = "libc++";
				CLANG_ENABLE_MODULES = YES;
				CLANG_ENABLE_OBJC_ARC = YES;
				CLANG_WARN_BLOCK_CAPTURE_AUTORELEASING = YES;
				CLANG_WARN_BOOL_CONVERSION = YES;
				CLANG_WARN_COMMA = YES;
				CLANG_WARN_CONSTANT_CONVERSION = YES;
				CLANG_WARN_DIRECT_OBJC_ISA_USAGE = YES_ERROR;
				CLANG_WARN_DOCUMENTATION_COMMENTS = YES;
				CLANG_WARN_EMPTY_BODY = YES;
				CLANG_WARN_ENUM_CONVERSION = YES;
				CLANG_WARN_INFINITE_RECURSION = YES;
				CLANG_WARN_INT_CONVERSION = YES;
				CLANG_WARN_NON_LITERAL_NULL_CONVERSION = YES;
				CLANG_WARN_OBJC_LITERAL_CONVERSION = YES;
				CLANG_WARN_OBJC_ROOT_CLASS = YES_ERROR;
				CLANG_WARN_RANGE_LOOP_ANALYSIS = YES;
				CLANG_WARN_STRICT_PROTOTYPES = YES;
				CLANG_WARN_SUSPICIOUS_MOVE = YES;
				CLANG_WARN_UNGUARDED_AVAILABILITY = YES_AGGRESSIVE;
				CLANG_WARN_UNREACHABLE_CODE = YES;
				CLANG_WARN__DUPLICATE_METHOD_MATCH = YES;
				CODE_SIGN_IDENTITY = "iPhone Developer";
				COPY_PHASE_STRIP = NO;
				DEBUG_INFORMATION_FORMAT = "dwarf-with-dsym";
				ENABLE_NS_ASSERTIONS = NO;
				ENABLE_STRICT_OBJC_MSGSEND = YES;
				GCC_C_LANGUAGE_STANDARD = gnu11;
				GCC_NO_COMMON_BLOCKS = YES;
				GCC_WARN_64_TO_32_BIT_CONVERSION = YES;
				GCC_WARN_ABOUT_RETURN_TYPE = YES_ERROR;
				GCC_WARN_UNDECLARED_SELECTOR = YES;
				GCC_WARN_UNINITIALIZED_AUTOS = YES_AGGRESSIVE;
				GCC_WARN_UNUSED_FUNCTION = YES;
				GCC_WARN_UNUSED_VARIABLE = YES;
				IPHONEOS_DEPLOYMENT_TARGET = 11.0;
				MTL_ENABLE_DEBUG_INFO = NO;
				SDKROOT = iphoneos;
				SWIFT_OPTIMIZATION_LEVEL = "-Owholemodule";
				VALIDATE_PRODUCT = YES;
			};
			name = Release;
		};
		91BBAB9C1F9A86EC005F1568 /* Debug */ = {
			isa = XCBuildConfiguration;
			buildSettings = {
				ASSETCATALOG_COMPILER_APPICON_NAME = AppIcon;
				"CODE_SIGN_IDENTITY[sdk=iphoneos*]" = "iPhone Developer";
				CODE_SIGN_STYLE = Automatic;
				DEVELOPMENT_TEAM = S4LYG53R7W;
				INFOPLIST_FILE = terrain/Info.plist;
				LD_RUNPATH_SEARCH_PATHS = "$(inherited) @executable_path/Frameworks";
				PRODUCT_BUNDLE_IDENTIFIER = babayk.terrain;
				PRODUCT_NAME = "$(TARGET_NAME)";
				PROVISIONING_PROFILE_SPECIFIER = "";
				SWIFT_VERSION = 4.0;
				TARGETED_DEVICE_FAMILY = "1,2";
			};
			name = Debug;
		};
		91BBAB9D1F9A86EC005F1568 /* Release */ = {
			isa = XCBuildConfiguration;
			buildSettings = {
				ASSETCATALOG_COMPILER_APPICON_NAME = AppIcon;
				"CODE_SIGN_IDENTITY[sdk=iphoneos*]" = "iPhone Developer";
				CODE_SIGN_STYLE = Automatic;
				DEVELOPMENT_TEAM = S4LYG53R7W;
				INFOPLIST_FILE = terrain/Info.plist;
				LD_RUNPATH_SEARCH_PATHS = "$(inherited) @executable_path/Frameworks";
				PRODUCT_BUNDLE_IDENTIFIER = babayk.terrain;
				PRODUCT_NAME = "$(TARGET_NAME)";
				PROVISIONING_PROFILE_SPECIFIER = "";
				SWIFT_VERSION = 4.0;
				TARGETED_DEVICE_FAMILY = "1,2";
			};
			name = Release;
		};
/* End XCBuildConfiguration section */

/* Begin XCConfigurationList section */
		91BBAB6C1F9A86EC005F1568 /* Build configuration list for PBXProject "terrain" */ = {
			isa = XCConfigurationList;
			buildConfigurations = (
				91BBAB991F9A86EC005F1568 /* Debug */,
				91BBAB9A1F9A86EC005F1568 /* Release */,
			);
			defaultConfigurationIsVisible = 0;
			defaultConfigurationName = Release;
		};
		91BBAB9B1F9A86EC005F1568 /* Build configuration list for PBXNativeTarget "terrain" */ = {
			isa = XCConfigurationList;
			buildConfigurations = (
				91BBAB9C1F9A86EC005F1568 /* Debug */,
				91BBAB9D1F9A86EC005F1568 /* Release */,
			);
			defaultConfigurationIsVisible = 0;
			defaultConfigurationName = Release;
		};
/* End XCConfigurationList section */
	};
	rootObject = 91BBAB691F9A86EC005F1568 /* Project object */;
}
